
Microsoft Visual Studio Solution File, Format Version 12.00
# Visual Studio 15
VisualStudioVersion = 15.0.28307.421
MinimumVisualStudioVersion = 10.0.40219.1
Project("{FAE04EC0-301F-11D3-BF4B-00C04F79EFBC}") = "AdventureWorksAjax4_7", "AdventureWorksAjax\AdventureWorksAjax4_7.csproj", "{D005356D-66C3-4FE5-8FBE-5C1293700C2D}"
EndProject
Global
	GlobalSection(SolutionConfigurationPlatforms) = preSolution
		Debug|Any CPU = Debug|Any CPU
		Release|Any CPU = Release|Any CPU
	EndGlobalSection
	GlobalSection(ProjectConfigurationPlatforms) = postSolution
		{D005356D-66C3-4FE5-8FBE-5C1293700C2D}.Debug|Any CPU.ActiveCfg = Debug|Any CPU
		{D005356D-66C3-4FE5-8FBE-5C1293700C2D}.Debug|Any CPU.Build.0 = Debug|Any CPU
		{D005356D-66C3-4FE5-8FBE-5C1293700C2D}.Release|Any CPU.ActiveCfg = Release|Any CPU
		{D005356D-66C3-4FE5-8FBE-5C1293700C2D}.Release|Any CPU.Build.0 = Release|Any CPU
	EndGlobalSection
	GlobalSection(SolutionProperties) = preSolution
		HideSolutionNode = FALSE
	EndGlobalSection
	GlobalSection(ExtensibilityGlobals) = postSolution
		SolutionGuid = {529A1203-D657-4BD7-9673-DA39261BABA6}
	EndGlobalSection
EndGlobal
